
Microsoft Visual Studio Solution File, Format Version 12.00
# Visual Studio Version 17
VisualStudioVersion = 17.5.33502.453
MinimumVisualStudioVersion = 10.0.40219.1
Project("{FAE04EC0-301F-11D3-BF4B-00C04F79EFBC}") = "PIUS_lab_6_observer", "PIUS_lab_6_observer.csproj", "{79063E30-49EC-4494-A9C3-3238C6CD528A}"
EndProject
Global
	GlobalSection(SolutionConfigurationPlatforms) = preSolution
		Debug|Any CPU = Debug|Any CPU
		Release|Any CPU = Release|Any CPU
	EndGlobalSection
	GlobalSection(ProjectConfigurationPlatforms) = postSolution
		{79063E30-49EC-4494-A9C3-3238C6CD528A}.Debug|Any CPU.ActiveCfg = Debug|Any CPU
		{79063E30-49EC-4494-A9C3-3238C6CD528A}.Debug|Any CPU.Build.0 = Debug|Any CPU
		{79063E30-49EC-4494-A9C3-3238C6CD528A}.Release|Any CPU.ActiveCfg = Release|Any CPU
		{79063E30-49EC-4494-A9C3-3238C6CD528A}.Release|Any CPU.Build.0 = Release|Any CPU
	EndGlobalSection
	GlobalSection(SolutionProperties) = preSolution
		HideSolutionNode = FALSE
	EndGlobalSection
	GlobalSection(ExtensibilityGlobals) = postSolution
		SolutionGuid = {E3623D41-3D5C-4AA5-9C20-04D48CB3F3EC}
	EndGlobalSection
EndGlobal
